// !$*UTF8*$!
{
	archiveVersion = 1;
	classes = {
	};
	objectVersion = 46;
	objects = {

/* Begin PBXBuildFile section */
		8B03B9CE19D3BC020085A663 /* AppDelegate.swift in Sources */ = {isa = PBXBuildFile; fileRef = 8B03B9CD19D3BC020085A663 /* AppDelegate.swift */; };
		8B03B9D019D3BC020085A663 /* ViewController.swift in Sources */ = {isa = PBXBuildFile; fileRef = 8B03B9CF19D3BC020085A663 /* ViewController.swift */; };
		8B03B9D319D3BC030085A663 /* Main.storyboard in Resources */ = {isa = PBXBuildFile; fileRef = 8B03B9D119D3BC030085A663 /* Main.storyboard */; };
		8B03B9D519D3BC030085A663 /* Images.xcassets in Resources */ = {isa = PBXBuildFile; fileRef = 8B03B9D419D3BC030085A663 /* Images.xcassets */; };
		8B03B9D819D3BC030085A663 /* LaunchScreen.xib in Resources */ = {isa = PBXBuildFile; fileRef = 8B03B9D619D3BC030085A663 /* LaunchScreen.xib */; };
		8B03B9E419D3BC030085A663 /* ShoeConverterTests.swift in Sources */ = {isa = PBXBuildFile; fileRef = 8B03B9E319D3BC030085A663 /* ShoeConverterTests.swift */; };
/* End PBXBuildFile section */

/* Begin PBXContainerItemProxy section */
		8B03B9DE19D3BC030085A663 /* PBXContainerItemProxy */ = {
			isa = PBXContainerItemProxy;
			containerPortal = 8B03B9C019D3BC020085A663 /* Project object */;
			proxyType = 1;
			remoteGlobalIDString = 8B03B9C719D3BC020085A663;
			remoteInfo = ShoeConverter;
		};
/* End PBXContainerItemProxy section */

/* Begin PBXFileReference section */
		8B03B9C819D3BC020085A663 /* ShoeConverter.app */ = {isa = PBXFileReference; explicitFileType = wrapper.application; includeInIndex = 0; path = ShoeConverter.app; sourceTree = BUILT_PRODUCTS_DIR; };
		8B03B9CC19D3BC020085A663 /* Info.plist */ = {isa = PBXFileReference; lastKnownFileType = text.plist.xml; path = Info.plist; sourceTree = "<group>"; };
		8B03B9CD19D3BC020085A663 /* AppDelegate.swift */ = {isa = PBXFileReference; lastKnownFileType = sourcecode.swift; path = AppDelegate.swift; sourceTree = "<group>"; };
		8B03B9CF19D3BC020085A663 /* ViewController.swift */ = {isa = PBXFileReference; lastKnownFileType = sourcecode.swift; path = ViewController.swift; sourceTree = "<group>"; };
		8B03B9D219D3BC030085A663 /* Base */ = {isa = PBXFileReference; lastKnownFileType = file.storyboard; name = Base; path = Base.lproj/Main.storyboard; sourceTree = "<group>"; };
		8B03B9D419D3BC030085A663 /* Images.xcassets */ = {isa = PBXFileReference; lastKnownFileType = folder.assetcatalog; path = Images.xcassets; sourceTree = "<group>"; };
		8B03B9D719D3BC030085A663 /* Base */ = {isa = PBXFileReference; lastKnownFileType = file.xib; name = Base; path = Base.lproj/LaunchScreen.xib; sourceTree = "<group>"; };
		8B03B9DD19D3BC030085A663 /* ShoeConverterTests.xctest */ = {isa = PBXFileReference; explicitFileType = wrapper.cfbundle; includeInIndex = 0; path = ShoeConverterTests.xctest; sourceTree = BUILT_PRODUCTS_DIR; };
		8B03B9E219D3BC030085A663 /* Info.plist */ = {isa = PBXFileReference; lastKnownFileType = text.plist.xml; path = Info.plist; sourceTree = "<group>"; };
		8B03B9E319D3BC030085A663 /* ShoeConverterTests.swift */ = {isa = PBXFileReference; lastKnownFileType = sourcecode.swift; path = ShoeConverterTests.swift; sourceTree = "<group>"; };
/* End PBXFileReference section */

/* Begin PBXFrameworksBuildPhase section */
		8B03B9C519D3BC020085A663 /* Frameworks */ = {
			isa = PBXFrameworksBuildPhase;
			buildActionMask = 2147483647;
			files = (
			);
			runOnlyForDeploymentPostprocessing = 0;
		};
		8B03B9DA19D3BC030085A663 /* Frameworks */ = {
			isa = PBXFrameworksBuildPhase;
			buildActionMask = 2147483647;
			files = (
			);
			runOnlyForDeploymentPostprocessing = 0;
		};
/* End PBXFrameworksBuildPhase section */

/* Begin PBXGroup section */
		8B03B9BF19D3BC020085A663 = {
			isa = PBXGroup;
			children = (
				8B03B9CA19D3BC020085A663 /* ShoeConverter */,
				8B03B9E019D3BC030085A663 /* ShoeConverterTests */,
				8B03B9C919D3BC020085A663 /* Products */,
			);
			sourceTree = "<group>";
		};
		8B03B9C919D3BC020085A663 /* Products */ = {
			isa = PBXGroup;
			children = (
				8B03B9C819D3BC020085A663 /* ShoeConverter.app */,
				8B03B9DD19D3BC030085A663 /* ShoeConverterTests.xctest */,
			);
			name = Products;
			sourceTree = "<group>";
		};
		8B03B9CA19D3BC020085A663 /* ShoeConverter */ = {
			isa = PBXGroup;
			children = (
				8B03B9CD19D3BC020085A663 /* AppDelegate.swift */,
				8B03B9CF19D3BC020085A663 /* ViewController.swift */,
				8B03B9D119D3BC030085A663 /* Main.storyboard */,
				8B03B9D419D3BC030085A663 /* Images.xcassets */,
				8B03B9D619D3BC030085A663 /* LaunchScreen.xib */,
				8B03B9CB19D3BC020085A663 /* Supporting Files */,
			);
			path = ShoeConverter;
			sourceTree = "<group>";
		};
		8B03B9CB19D3BC020085A663 /* Supporting Files */ = {
			isa = PBXGroup;
			children = (
				8B03B9CC19D3BC020085A663 /* Info.plist */,
			);
			name = "Supporting Files";
			sourceTree = "<group>";
		};
		8B03B9E019D3BC030085A663 /* ShoeConverterTests */ = {
			isa = PBXGroup;
			children = (
				8B03B9E319D3BC030085A663 /* ShoeConverterTests.swift */,
				8B03B9E119D3BC030085A663 /* Supporting Files */,
			);
			path = ShoeConverterTests;
			sourceTree = "<group>";
		};
		8B03B9E119D3BC030085A663 /* Supporting Files */ = {
			isa = PBXGroup;
			children = (
				8B03B9E219D3BC030085A663 /* Info.plist */,
			);
			name = "Supporting Files";
			sourceTree = "<group>";
		};
/* End PBXGroup section */

/* Begin PBXNativeTarget section */
		8B03B9C719D3BC020085A663 /* ShoeConverter */ = {
			isa = PBXNativeTarget;
			buildConfigurationList = 8B03B9E719D3BC030085A663 /* Build configuration list for PBXNativeTarget "ShoeConverter" */;
			buildPhases = (
				8B03B9C419D3BC020085A663 /* Sources */,
				8B03B9C519D3BC020085A663 /* Frameworks */,
				8B03B9C619D3BC020085A663 /* Resources */,
			);
			buildRules = (
			);
			dependencies = (
			);
			name = ShoeConverter;
			productName = ShoeConverter;
			productReference = 8B03B9C819D3BC020085A663 /* ShoeConverter.app */;
			productType = "com.apple.product-type.application";
		};
		8B03B9DC19D3BC030085A663 /* ShoeConverterTests */ = {
			isa = PBXNativeTarget;
			buildConfigurationList = 8B03B9EA19D3BC030085A663 /* Build configuration list for PBXNativeTarget "ShoeConverterTests" */;
			buildPhases = (
				8B03B9D919D3BC030085A663 /* Sources */,
				8B03B9DA19D3BC030085A663 /* Frameworks */,
				8B03B9DB19D3BC030085A663 /* Resources */,
			);
			buildRules = (
			);
			dependencies = (
				8B03B9DF19D3BC030085A663 /* PBXTargetDependency */,
			);
			name = ShoeConverterTests;
			productName = ShoeConverterTests;
			productReference = 8B03B9DD19D3BC030085A663 /* ShoeConverterTests.xctest */;
			productType = "com.apple.product-type.bundle.unit-test";
		};
/* End PBXNativeTarget section */

/* Begin PBXProject section */
		8B03B9C019D3BC020085A663 /* Project object */ = {
			isa = PBXProject;
			attributes = {
				LastUpgradeCheck = 0600;
				ORGANIZATIONNAME = "travis albers";
				TargetAttributes = {
					8B03B9C719D3BC020085A663 = {
						CreatedOnToolsVersion = 6.0.1;
					};
					8B03B9DC19D3BC030085A663 = {
						CreatedOnToolsVersion = 6.0.1;
						TestTargetID = 8B03B9C719D3BC020085A663;
					};
				};
			};
			buildConfigurationList = 8B03B9C319D3BC020085A663 /* Build configuration list for PBXProject "ShoeConverter" */;
			compatibilityVersion = "Xcode 3.2";
			developmentRegion = English;
			hasScannedForEncodings = 0;
			knownRegions = (
				en,
				Base,
			);
			mainGroup = 8B03B9BF19D3BC020085A663;
			productRefGroup = 8B03B9C919D3BC020085A663 /* Products */;
			projectDirPath = "";
			projectRoot = "";
			targets = (
				8B03B9C719D3BC020085A663 /* ShoeConverter */,
				8B03B9DC19D3BC030085A663 /* ShoeConverterTests */,
			);
		};
/* End PBXProject section */

/* Begin PBXResourcesBuildPhase section */
		8B03B9C619D3BC020085A663 /* Resources */ = {
			isa = PBXResourcesBuildPhase;
			buildActionMask = 2147483647;
			files = (
				8B03B9D319D3BC030085A663 /* Main.storyboard in Resources */,
				8B03B9D819D3BC030085A663 /* LaunchScreen.xib in Resources */,
				8B03B9D519D3BC030085A663 /* Images.xcassets in Resources */,
			);
			runOnlyForDeploymentPostprocessing = 0;
		};
		8B03B9DB19D3BC030085A663 /* Resources */ = {
			isa = PBXResourcesBuildPhase;
			buildActionMask = 2147483647;
			files = (
			);
			runOnlyForDeploymentPostprocessing = 0;
		};
/* End PBXResourcesBuildPhase section */

/* Begin PBXSourcesBuildPhase section */
		8B03B9C419D3BC020085A663 /* Sources */ = {
			isa = PBXSourcesBuildPhase;
			buildActionMask = 2147483647;
			files = (
				8B03B9D019D3BC020085A663 /* ViewController.swift in Sources */,
				8B03B9CE19D3BC020085A663 /* AppDelegate.swift in Sources */,
			);
			runOnlyForDeploymentPostprocessing = 0;
		};
		8B03B9D919D3BC030085A663 /* Sources */ = {
			isa = PBXSourcesBuildPhase;
			buildActionMask = 2147483647;
			files = (
				8B03B9E419D3BC030085A663 /* ShoeConverterTests.swift in Sources */,
			);
			runOnlyForDeploymentPostprocessing = 0;
		};
/* End PBXSourcesBuildPhase section */

/* Begin PBXTargetDependency section */
		8B03B9DF19D3BC030085A663 /* PBXTargetDependency */ = {
			isa = PBXTargetDependency;
			target = 8B03B9C719D3BC020085A663 /* ShoeConverter */;
			targetProxy = 8B03B9DE19D3BC030085A663 /* PBXContainerItemProxy */;
		};
/* End PBXTargetDependency section */

/* Begin PBXVariantGroup section */
		8B03B9D119D3BC030085A663 /* Main.storyboard */ = {
			isa = PBXVariantGroup;
			children = (
				8B03B9D219D3BC030085A663 /* Base */,
			);
			name = Main.storyboard;
			sourceTree = "<group>";
		};
		8B03B9D619D3BC030085A663 /* LaunchScreen.xib */ = {
			isa = PBXVariantGroup;
			children = (
				8B03B9D719D3BC030085A663 /* Base */,
			);
			name = LaunchScreen.xib;
			sourceTree = "<group>";
		};
/* End PBXVariantGroup section */

/* Begin XCBuildConfiguration section */
		8B03B9E519D3BC030085A663 /* Debug */ = {
			isa = XCBuildConfiguration;
			buildSettings = {
				ALWAYS_SEARCH_USER_PATHS = NO;
				CLANG_CXX_LANGUAGE_STANDARD = "gnu++0x";
				CLANG_CXX_LIBRARY = "libc++";
				CLANG_ENABLE_MODULES = YES;
				CLANG_ENABLE_OBJC_ARC = YES;
				CLANG_WARN_BOOL_CONVERSION = YES;
				CLANG_WARN_CONSTANT_CONVERSION = YES;
				CLANG_WARN_DIRECT_OBJC_ISA_USAGE = YES_ERROR;
				CLANG_WARN_EMPTY_BODY = YES;
				CLANG_WARN_ENUM_CONVERSION = YES;
				CLANG_WARN_INT_CONVERSION = YES;
				CLANG_WARN_OBJC_ROOT_CLASS = YES_ERROR;
				CLANG_WARN_UNREACHABLE_CODE = YES;
				CLANG_WARN__DUPLICATE_METHOD_MATCH = YES;
				"CODE_SIGN_IDENTITY[sdk=iphoneos*]" = "iPhone Developer";
				COPY_PHASE_STRIP = NO;
				ENABLE_STRICT_OBJC_MSGSEND = YES;
				GCC_C_LANGUAGE_STANDARD = gnu99;
				GCC_DYNAMIC_NO_PIC = NO;
				GCC_OPTIMIZATION_LEVEL = 0;
				GCC_PREPROCESSOR_DEFINITIONS = (
					"DEBUG=1",
					"$(inherited)",
				);
				GCC_SYMBOLS_PRIVATE_EXTERN = NO;
				GCC_WARN_64_TO_32_BIT_CONVERSION = YES;
				GCC_WARN_ABOUT_RETURN_TYPE = YES_ERROR;
				GCC_WARN_UNDECLARED_SELECTOR = YES;
				GCC_WARN_UNINITIALIZED_AUTOS = YES_AGGRESSIVE;
				GCC_WARN_UNUSED_FUNCTION = YES;
				GCC_WARN_UNUSED_VARIABLE = YES;
				IPHONEOS_DEPLOYMENT_TARGET = 8.0;
				MTL_ENABLE_DEBUG_INFO = YES;
				ONLY_ACTIVE_ARCH = YES;
				SDKROOT = iphoneos;
				SWIFT_OPTIMIZATION_LEVEL = "-Onone";
			};
			name = Debug;
		};
		8B03B9E619D3BC030085A663 /* Release */ = {
			isa = XCBuildConfiguration;
			buildSettings = {
				ALWAYS_SEARCH_USER_PATHS = NO;
				CLANG_CXX_LANGUAGE_STANDARD = "gnu++0x";
				CLANG_CXX_LIBRARY = "libc++";
				CLANG_ENABLE_MODULES = YES;
				CLANG_ENABLE_OBJC_ARC = YES;
				CLANG_WARN_BOOL_CONVERSION = YES;
				CLANG_WARN_CONSTANT_CONVERSION = YES;
				CLANG_WARN_DIRECT_OBJC_ISA_USAGE = YES_ERROR;
				CLANG_WARN_EMPTY_BODY = YES;
				CLANG_WARN_ENUM_CONVERSION = YES;
				CLANG_WARN_INT_CONVERSION = YES;
				CLANG_WARN_OBJC_ROOT_CLASS = YES_ERROR;
				CLANG_WARN_UNREACHABLE_CODE = YES;
				CLANG_WARN__DUPLICATE_METHOD_MATCH = YES;
				"CODE_SIGN_IDENTITY[sdk=iphoneos*]" = "iPhone Developer";
				COPY_PHASE_STRIP = YES;
				ENABLE_NS_ASSERTIONS = NO;
				ENABLE_STRICT_OBJC_MSGSEND = YES;
				GCC_C_LANGUAGE_STANDARD = gnu99;
				GCC_WARN_64_TO_32_BIT_CONVERSION = YES;
				GCC_WARN_ABOUT_RETURN_TYPE = YES_ERROR;
				GCC_WARN_UNDECLARED_SELECTOR = YES;
				GCC_WARN_UNINITIALIZED_AUTOS = YES_AGGRESSIVE;
				GCC_WARN_UNUSED_FUNCTION = YES;
				GCC_WARN_UNUSED_VARIABLE = YES;
				IPHONEOS_DEPLOYMENT_TARGET = 8.0;
				MTL_ENABLE_DEBUG_INFO = NO;
				SDKROOT = iphoneos;
				VALIDATE_PRODUCT = YES;
			};
			name = Release;
		};
		8B03B9E819D3BC030085A663 /* Debug */ = {
			isa = XCBuildConfiguration;
			buildSettings = {
				ASSETCATALOG_COMPILER_APPICON_NAME = AppIcon;
				INFOPLIST_FILE = ShoeConverter/Info.plist;
				LD_RUNPATH_SEARCH_PATHS = "$(inherited) @executable_path/Frameworks";
				PRODUCT_NAME = "$(TARGET_NAME)";
			};
			name = Debug;
		};
		8B03B9E919D3BC030085A663 /* Release */ = {
			isa = XCBuildConfiguration;
			buildSettings = {
				ASSETCATALOG_COMPILER_APPICON_NAME = AppIcon;
				INFOPLIST_FILE = ShoeConverter/Info.plist;
				LD_RUNPATH_SEARCH_PATHS = "$(inherited) @executable_path/Frameworks";
				PRODUCT_NAME = "$(TARGET_NAME)";
			};
			name = Release;
		};
		8B03B9EB19D3BC030085A663 /* Debug */ = {
			isa = XCBuildConfiguration;
			buildSettings = {
				BUNDLE_LOADER = "$(TEST_HOST)";
				FRAMEWORK_SEARCH_PATHS = (
					"$(SDKROOT)/Developer/Library/Frameworks",
					"$(inherited)",
				);
				GCC_PREPROCESSOR_DEFINITIONS = (
					"DEBUG=1",
					"$(inherited)",
				);
				INFOPLIST_FILE = ShoeConverterTests/Info.plist;
				LD_RUNPATH_SEARCH_PATHS = "$(inherited) @executable_path/Frameworks @loader_path/Frameworks";
				PRODUCT_NAME = "$(TARGET_NAME)";
				TEST_HOST = "$(BUILT_PRODUCTS_DIR)/ShoeConverter.app/ShoeConverter";
			};
			name = Debug;
		};
		8B03B9EC19D3BC030085A663 /* Release */ = {
			isa = XCBuildConfiguration;
			buildSettings = {
				BUNDLE_LOADER = "$(TEST_HOST)";
				FRAMEWORK_SEARCH_PATHS = (
					"$(SDKROOT)/Developer/Library/Frameworks",
					"$(inherited)",
				);
				INFOPLIST_FILE = ShoeConverterTests/Info.plist;
				LD_RUNPATH_SEARCH_PATHS = "$(inherited) @executable_path/Frameworks @loader_path/Frameworks";
				PRODUCT_NAME = "$(TARGET_NAME)";
				TEST_HOST = "$(BUILT_PRODUCTS_DIR)/ShoeConverter.app/ShoeConverter";
			};
			name = Release;
		};
/* End XCBuildConfiguration section */

/* Begin XCConfigurationList section */
		8B03B9C319D3BC020085A663 /* Build configuration list for PBXProject "ShoeConverter" */ = {
			isa = XCConfigurationList;
			buildConfigurations = (
				8B03B9E519D3BC030085A663 /* Debug */,
				8B03B9E619D3BC030085A663 /* Release */,
			);
			defaultConfigurationIsVisible = 0;
			defaultConfigurationName = Release;
		};
		8B03B9E719D3BC030085A663 /* Build configuration list for PBXNativeTarget "ShoeConverter" */ = {
			isa = XCConfigurationList;
			buildConfigurations = (
				8B03B9E819D3BC030085A663 /* Debug */,
				8B03B9E919D3BC030085A663 /* Release */,
			);
			defaultConfigurationIsVisible = 0;
		};
		8B03B9EA19D3BC030085A663 /* Build configuration list for PBXNativeTarget "ShoeConverterTests" */ = {
			isa = XCConfigurationList;
			buildConfigurations = (
				8B03B9EB19D3BC030085A663 /* Debug */,
				8B03B9EC19D3BC030085A663 /* Release */,
			);
			defaultConfigurationIsVisible = 0;
		};
/* End XCConfigurationList section */
	};
	rootObject = 8B03B9C019D3BC020085A663 /* Project object */;
}
